PODS:
  - HSAttachmentPicker (1.1.1)

DEPENDENCIES:
  - HSAttachmentPicker (from `../`)

EXTERNAL SOURCES:
  HSAttachmentPicker:
    :path: "../"

SPEC CHECKSUMS:
  HSAttachmentPicker: 770e1127727b60b4c1e295b20b8a1ce4690ac97a

PODFILE CHECKSUM: b19afbdc83ad2a762f75a8d611ea4adcc30a8abd

COCOAPODS: 1.9.3
